
Microsoft Visual Studio Solution File, Format Version 12.00
# Visual Studio 2012
Project("{FAE04EC0-301F-11D3-BF4B-00C04F79EFBC}") = "Store.Models", "Store.Models\Store.Models.csproj", "{B43244BD-56C4-485D-AE46-BFC403149E49}"
EndProject
Project("{FAE04EC0-301F-11D3-BF4B-00C04F79EFBC}") = "Store.Data", "Store.Data\Store.Data.csproj", "{8288A8B4-0D9B-432E-9CF2-C82BC0C74059}"
EndProject
Project("{FAE04EC0-301F-11D3-BF4B-00C04F79EFBC}") = "Store.WebAPI", "Store.WebAPI\Store.WebAPI.csproj", "{4B8BAAB9-C6ED-44CE-A745-240102DE2646}"
EndProject
Global
	GlobalSection(TeamFoundationVersionControl) = preSolution
		SccNumberOfProjects = 4
		SccEnterpriseProvider = {4CA58AB2-18FA-4F8D-95D4-32DDF27D184C}
		SccTeamFoundationServer = https://tfs.codeplex.com/tfs/tfs17
		SccLocalPath0 = .
		SccProjectUniqueName1 = Store.Models\\Store.Models.csproj
		SccProjectName1 = Store.Models
		SccLocalPath1 = Store.Models
		SccProjectUniqueName2 = Store.Data\\Store.Data.csproj
		SccProjectName2 = Store.Data
		SccLocalPath2 = Store.Data
		SccProjectUniqueName3 = Store.WebAPI\\Store.WebAPI.csproj
		SccProjectName3 = Store.WebAPI
		SccLocalPath3 = Store.WebAPI
	EndGlobalSection
	GlobalSection(SolutionConfigurationPlatforms) = preSolution
		Debug|Any CPU = Debug|Any CPU
		Release|Any CPU = Release|Any CPU
	EndGlobalSection
	GlobalSection(ProjectConfigurationPlatforms) = postSolution
		{B43244BD-56C4-485D-AE46-BFC403149E49}.Debug|Any CPU.ActiveCfg = Debug|Any CPU
		{B43244BD-56C4-485D-AE46-BFC403149E49}.Debug|Any CPU.Build.0 = Debug|Any CPU
		{B43244BD-56C4-485D-AE46-BFC403149E49}.Release|Any CPU.ActiveCfg = Release|Any CPU
		{B43244BD-56C4-485D-AE46-BFC403149E49}.Release|Any CPU.Build.0 = Release|Any CPU
		{8288A8B4-0D9B-432E-9CF2-C82BC0C74059}.Debug|Any CPU.ActiveCfg = Debug|Any CPU
		{8288A8B4-0D9B-432E-9CF2-C82BC0C74059}.Debug|Any CPU.Build.0 = Debug|Any CPU
		{8288A8B4-0D9B-432E-9CF2-C82BC0C74059}.Release|Any CPU.ActiveCfg = Release|Any CPU
		{8288A8B4-0D9B-432E-9CF2-C82BC0C74059}.Release|Any CPU.Build.0 = Release|Any CPU
		{4B8BAAB9-C6ED-44CE-A745-240102DE2646}.Debug|Any CPU.ActiveCfg = Debug|Any CPU
		{4B8BAAB9-C6ED-44CE-A745-240102DE2646}.Debug|Any CPU.Build.0 = Debug|Any CPU
		{4B8BAAB9-C6ED-44CE-A745-240102DE2646}.Release|Any CPU.ActiveCfg = Release|Any CPU
		{4B8BAAB9-C6ED-44CE-A745-240102DE2646}.Release|Any CPU.Build.0 = Release|Any CPU
	EndGlobalSection
	GlobalSection(SolutionProperties) = preSolution
		HideSolutionNode = FALSE
	EndGlobalSection
EndGlobal
